
Microsoft Visual Studio Solution File, Format Version 12.00
# Visual Studio Version 16
VisualStudioVersion = 16.0.29123.88
MinimumVisualStudioVersion = 10.0.40219.1
Project("{FAE04EC0-301F-11D3-BF4B-00C04F79EFBC}") = "Library", "Library\Library.csproj", "{29D0861D-2306-49DA-A841-055FC9753AD5}"
EndProject
Project("{FAE04EC0-301F-11D3-BF4B-00C04F79EFBC}") = "MSTest", "MSTest\MSTest.csproj", "{67E4C241-E213-4602-BF63-224F2E713AD2}"
EndProject
Project("{FAE04EC0-301F-11D3-BF4B-00C04F79EFBC}") = "NUnitProject", "NUnitProject\NUnitProject.csproj", "{633B4907-3B80-4CE7-9620-5A459557C701}"
EndProject
Project("{FAE04EC0-301F-11D3-BF4B-00C04F79EFBC}") = "XUnitProject", "XUnitProject\XUnitProject.csproj", "{E1442421-DA2B-41ED-9580-7A70ED87C78C}"
EndProject
Global
	GlobalSection(SolutionConfigurationPlatforms) = preSolution
		Debug|Any CPU = Debug|Any CPU
		Release|Any CPU = Release|Any CPU
	EndGlobalSection
	GlobalSection(ProjectConfigurationPlatforms) = postSolution
		{29D0861D-2306-49DA-A841-055FC9753AD5}.Debug|Any CPU.ActiveCfg = Debug|Any CPU
		{29D0861D-2306-49DA-A841-055FC9753AD5}.Debug|Any CPU.Build.0 = Debug|Any CPU
		{29D0861D-2306-49DA-A841-055FC9753AD5}.Release|Any CPU.ActiveCfg = Release|Any CPU
		{29D0861D-2306-49DA-A841-055FC9753AD5}.Release|Any CPU.Build.0 = Release|Any CPU
		{67E4C241-E213-4602-BF63-224F2E713AD2}.Debug|Any CPU.ActiveCfg = Debug|Any CPU
		{67E4C241-E213-4602-BF63-224F2E713AD2}.Debug|Any CPU.Build.0 = Debug|Any CPU
		{67E4C241-E213-4602-BF63-224F2E713AD2}.Release|Any CPU.ActiveCfg = Release|Any CPU
		{67E4C241-E213-4602-BF63-224F2E713AD2}.Release|Any CPU.Build.0 = Release|Any CPU
		{633B4907-3B80-4CE7-9620-5A459557C701}.Debug|Any CPU.ActiveCfg = Debug|Any CPU
		{633B4907-3B80-4CE7-9620-5A459557C701}.Debug|Any CPU.Build.0 = Debug|Any CPU
		{633B4907-3B80-4CE7-9620-5A459557C701}.Release|Any CPU.ActiveCfg = Release|Any CPU
		{633B4907-3B80-4CE7-9620-5A459557C701}.Release|Any CPU.Build.0 = Release|Any CPU
		{E1442421-DA2B-41ED-9580-7A70ED87C78C}.Debug|Any CPU.ActiveCfg = Debug|Any CPU
		{E1442421-DA2B-41ED-9580-7A70ED87C78C}.Debug|Any CPU.Build.0 = Debug|Any CPU
		{E1442421-DA2B-41ED-9580-7A70ED87C78C}.Release|Any CPU.ActiveCfg = Release|Any CPU
		{E1442421-DA2B-41ED-9580-7A70ED87C78C}.Release|Any CPU.Build.0 = Release|Any CPU
	EndGlobalSection
	GlobalSection(SolutionProperties) = preSolution
		HideSolutionNode = FALSE
	EndGlobalSection
	GlobalSection(ExtensibilityGlobals) = postSolution
		SolutionGuid = {2EE2DCC8-6F3E-42D6-A157-DC9AA55B3B5C}
	EndGlobalSection
EndGlobal
